
Microsoft Visual Studio Solution File, Format Version 12.00
# Visual Studio 15
VisualStudioVersion = 15.0.28307.572
MinimumVisualStudioVersion = 10.0.40219.1
Project("{FAE04EC0-301F-11D3-BF4B-00C04F79EFBC}") = "OsuSam.Android", "OsuSam\OsuSam.Android\OsuSam.Android.csproj", "{9D3AE3C6-4365-427C-9918-0827B7344D05}"
EndProject
Project("{FAE04EC0-301F-11D3-BF4B-00C04F79EFBC}") = "OsuSam.iOS", "OsuSam\OsuSam.iOS\OsuSam.iOS.csproj", "{E1220A5F-866D-433D-B914-90355DB33A1E}"
EndProject
Project("{FAE04EC0-301F-11D3-BF4B-00C04F79EFBC}") = "OsuSam", "OsuSam\OsuSam\OsuSam.csproj", "{30ABD55F-8BD7-4A10-8FF5-151344138598}"
EndProject
Global
	GlobalSection(SolutionConfigurationPlatforms) = preSolution
		Ad-Hoc|Any CPU = Ad-Hoc|Any CPU
		Ad-Hoc|iPhone = Ad-Hoc|iPhone
		Ad-Hoc|iPhoneSimulator = Ad-Hoc|iPhoneSimulator
		AppStore|Any CPU = AppStore|Any CPU
		AppStore|iPhone = AppStore|iPhone
		AppStore|iPhoneSimulator = AppStore|iPhoneSimulator
		Debug|Any CPU = Debug|Any CPU
		Debug|iPhone = Debug|iPhone
		Debug|iPhoneSimulator = Debug|iPhoneSimulator
		Release|Any CPU = Release|Any CPU
		Release|iPhone = Release|iPhone
		Release|iPhoneSimulator = Release|iPhoneSimulator
	EndGlobalSection
	GlobalSection(ProjectConfigurationPlatforms) = postSolution
		{9D3AE3C6-4365-427C-9918-0827B7344D05}.Ad-Hoc|Any CPU.ActiveCfg = Release|Any CPU
		{9D3AE3C6-4365-427C-9918-0827B7344D05}.Ad-Hoc|Any CPU.Build.0 = Release|Any CPU
		{9D3AE3C6-4365-427C-9918-0827B7344D05}.Ad-Hoc|Any CPU.Deploy.0 = Release|Any CPU
		{9D3AE3C6-4365-427C-9918-0827B7344D05}.Ad-Hoc|iPhone.ActiveCfg = Release|Any CPU
		{9D3AE3C6-4365-427C-9918-0827B7344D05}.Ad-Hoc|iPhone.Build.0 = Release|Any CPU
		{9D3AE3C6-4365-427C-9918-0827B7344D05}.Ad-Hoc|iPhone.Deploy.0 = Release|Any CPU
		{9D3AE3C6-4365-427C-9918-0827B7344D05}.Ad-Hoc|iPhoneSimulator.ActiveCfg = Release|Any CPU
		{9D3AE3C6-4365-427C-9918-0827B7344D05}.Ad-Hoc|iPhoneSimulator.Build.0 = Release|Any CPU
		{9D3AE3C6-4365-427C-9918-0827B7344D05}.Ad-Hoc|iPhoneSimulator.Deploy.0 = Release|Any CPU
		{9D3AE3C6-4365-427C-9918-0827B7344D05}.AppStore|Any CPU.ActiveCfg = Release|Any CPU
		{9D3AE3C6-4365-427C-9918-0827B7344D05}.AppStore|Any CPU.Build.0 = Release|Any CPU
		{9D3AE3C6-4365-427C-9918-0827B7344D05}.AppStore|Any CPU.Deploy.0 = Release|Any CPU
		{9D3AE3C6-4365-427C-9918-0827B7344D05}.AppStore|iPhone.ActiveCfg = Release|Any CPU
		{9D3AE3C6-4365-427C-9918-0827B7344D05}.AppStore|iPhone.Build.0 = Release|Any CPU
		{9D3AE3C6-4365-427C-9918-0827B7344D05}.AppStore|iPhone.Deploy.0 = Release|Any CPU
		{9D3AE3C6-4365-427C-9918-0827B7344D05}.AppStore|iPhoneSimulator.ActiveCfg = Release|Any CPU
		{9D3AE3C6-4365-427C-9918-0827B7344D05}.AppStore|iPhoneSimulator.Build.0 = Release|Any CPU
		{9D3AE3C6-4365-427C-9918-0827B7344D05}.AppStore|iPhoneSimulator.Deploy.0 = Release|Any CPU
		{9D3AE3C6-4365-427C-9918-0827B7344D05}.Debug|Any CPU.ActiveCfg = Debug|Any CPU
		{9D3AE3C6-4365-427C-9918-0827B7344D05}.Debug|Any CPU.Build.0 = Debug|Any CPU
		{9D3AE3C6-4365-427C-9918-0827B7344D05}.Debug|Any CPU.Deploy.0 = Debug|Any CPU
		{9D3AE3C6-4365-427C-9918-0827B7344D05}.Debug|iPhone.ActiveCfg = Debug|Any CPU
		{9D3AE3C6-4365-427C-9918-0827B7344D05}.Debug|iPhone.Build.0 = Debug|Any CPU
		{9D3AE3C6-4365-427C-9918-0827B7344D05}.Debug|iPhone.Deploy.0 = Debug|Any CPU
		{9D3AE3C6-4365-427C-9918-0827B7344D05}.Debug|iPhoneSimulator.ActiveCfg = Debug|Any CPU
		{9D3AE3C6-4365-427C-9918-0827B7344D05}.Debug|iPhoneSimulator.Build.0 = Debug|Any CPU
		{9D3AE3C6-4365-427C-9918-0827B7344D05}.Debug|iPhoneSimulator.Deploy.0 = Debug|Any CPU
		{9D3AE3C6-4365-427C-9918-0827B7344D05}.Release|Any CPU.ActiveCfg = Release|Any CPU
		{9D3AE3C6-4365-427C-9918-0827B7344D05}.Release|Any CPU.Build.0 = Release|Any CPU
		{9D3AE3C6-4365-427C-9918-0827B7344D05}.Release|Any CPU.Deploy.0 = Release|Any CPU
		{9D3AE3C6-4365-427C-9918-0827B7344D05}.Release|iPhone.ActiveCfg = Release|Any CPU
		{9D3AE3C6-4365-427C-9918-0827B7344D05}.Release|iPhone.Build.0 = Release|Any CPU
		{9D3AE3C6-4365-427C-9918-0827B7344D05}.Release|iPhone.Deploy.0 = Release|Any CPU
		{9D3AE3C6-4365-427C-9918-0827B7344D05}.Release|iPhoneSimulator.ActiveCfg = Release|Any CPU
		{9D3AE3C6-4365-427C-9918-0827B7344D05}.Release|iPhoneSimulator.Build.0 = Release|Any CPU
		{9D3AE3C6-4365-427C-9918-0827B7344D05}.Release|iPhoneSimulator.Deploy.0 = Release|Any CPU
		{E1220A5F-866D-433D-B914-90355DB33A1E}.Ad-Hoc|Any CPU.ActiveCfg = Ad-Hoc|iPhone
		{E1220A5F-866D-433D-B914-90355DB33A1E}.Ad-Hoc|Any CPU.Build.0 = Ad-Hoc|iPhone
		{E1220A5F-866D-433D-B914-90355DB33A1E}.Ad-Hoc|Any CPU.Deploy.0 = Ad-Hoc|iPhone
		{E1220A5F-866D-433D-B914-90355DB33A1E}.Ad-Hoc|iPhone.ActiveCfg = Ad-Hoc|iPhone
		{E1220A5F-866D-433D-B914-90355DB33A1E}.Ad-Hoc|iPhone.Build.0 = Ad-Hoc|iPhone
		{E1220A5F-866D-433D-B914-90355DB33A1E}.Ad-Hoc|iPhone.Deploy.0 = Ad-Hoc|iPhone
		{E1220A5F-866D-433D-B914-90355DB33A1E}.Ad-Hoc|iPhoneSimulator.ActiveCfg = Ad-Hoc|iPhoneSimulator
		{E1220A5F-866D-433D-B914-90355DB33A1E}.Ad-Hoc|iPhoneSimulator.Build.0 = Ad-Hoc|iPhoneSimulator
		{E1220A5F-866D-433D-B914-90355DB33A1E}.Ad-Hoc|iPhoneSimulator.Deploy.0 = Ad-Hoc|iPhoneSimulator
		{E1220A5F-866D-433D-B914-90355DB33A1E}.AppStore|Any CPU.ActiveCfg = AppStore|iPhone
		{E1220A5F-866D-433D-B914-90355DB33A1E}.AppStore|Any CPU.Build.0 = AppStore|iPhone
		{E1220A5F-866D-433D-B914-90355DB33A1E}.AppStore|Any CPU.Deploy.0 = AppStore|iPhone
		{E1220A5F-866D-433D-B914-90355DB33A1E}.AppStore|iPhone.ActiveCfg = AppStore|iPhone
		{E1220A5F-866D-433D-B914-90355DB33A1E}.AppStore|iPhone.Build.0 = AppStore|iPhone
		{E1220A5F-866D-433D-B914-90355DB33A1E}.AppStore|iPhone.Deploy.0 = AppStore|iPhone
		{E1220A5F-866D-433D-B914-90355DB33A1E}.AppStore|iPhoneSimulator.ActiveCfg = AppStore|iPhoneSimulator
		{E1220A5F-866D-433D-B914-90355DB33A1E}.AppStore|iPhoneSimulator.Build.0 = AppStore|iPhoneSimulator
		{E1220A5F-866D-433D-B914-90355DB33A1E}.AppStore|iPhoneSimulator.Deploy.0 = AppStore|iPhoneSimulator
		{E1220A5F-866D-433D-B914-90355DB33A1E}.Debug|Any CPU.ActiveCfg = Debug|iPhoneSimulator
		{E1220A5F-866D-433D-B914-90355DB33A1E}.Debug|Any CPU.Build.0 = Debug|iPhoneSimulator
		{E1220A5F-866D-433D-B914-90355DB33A1E}.Debug|Any CPU.Deploy.0 = Debug|iPhoneSimulator
		{E1220A5F-866D-433D-B914-90355DB33A1E}.Debug|iPhone.ActiveCfg = Debug|iPhone
		{E1220A5F-866D-433D-B914-90355DB33A1E}.Debug|iPhone.Build.0 = Debug|iPhone
		{E1220A5F-866D-433D-B914-90355DB33A1E}.Debug|iPhone.Deploy.0 = Debug|iPhone
		{E1220A5F-866D-433D-B914-90355DB33A1E}.Debug|iPhoneSimulator.ActiveCfg = Debug|iPhoneSimulator
		{E1220A5F-866D-433D-B914-90355DB33A1E}.Debug|iPhoneSimulator.Build.0 = Debug|iPhoneSimulator
		{E1220A5F-866D-433D-B914-90355DB33A1E}.Debug|iPhoneSimulator.Deploy.0 = Debug|iPhoneSimulator
		{E1220A5F-866D-433D-B914-90355DB33A1E}.Release|Any CPU.ActiveCfg = Release|iPhone
		{E1220A5F-866D-433D-B914-90355DB33A1E}.Release|Any CPU.Build.0 = Release|iPhone
		{E1220A5F-866D-433D-B914-90355DB33A1E}.Release|Any CPU.Deploy.0 = Release|iPhone
		{E1220A5F-866D-433D-B914-90355DB33A1E}.Release|iPhone.ActiveCfg = Release|iPhone
		{E1220A5F-866D-433D-B914-90355DB33A1E}.Release|iPhone.Build.0 = Release|iPhone
		{E1220A5F-866D-433D-B914-90355DB33A1E}.Release|iPhone.Deploy.0 = Release|iPhone
		{E1220A5F-866D-433D-B914-90355DB33A1E}.Release|iPhoneSimulator.ActiveCfg = Release|iPhoneSimulator
		{E1220A5F-866D-433D-B914-90355DB33A1E}.Release|iPhoneSimulator.Build.0 = Release|iPhoneSimulator
		{E1220A5F-866D-433D-B914-90355DB33A1E}.Release|iPhoneSimulator.Deploy.0 = Release|iPhoneSimulator
		{30ABD55F-8BD7-4A10-8FF5-151344138598}.Ad-Hoc|Any CPU.ActiveCfg = Debug|Any CPU
		{30ABD55F-8BD7-4A10-8FF5-151344138598}.Ad-Hoc|Any CPU.Build.0 = Debug|Any CPU
		{30ABD55F-8BD7-4A10-8FF5-151344138598}.Ad-Hoc|Any CPU.Deploy.0 = Debug|Any CPU
		{30ABD55F-8BD7-4A10-8FF5-151344138598}.Ad-Hoc|iPhone.ActiveCfg = Debug|Any CPU
		{30ABD55F-8BD7-4A10-8FF5-151344138598}.Ad-Hoc|iPhone.Build.0 = Debug|Any CPU
		{30ABD55F-8BD7-4A10-8FF5-151344138598}.Ad-Hoc|iPhone.Deploy.0 = Debug|Any CPU
		{30ABD55F-8BD7-4A10-8FF5-151344138598}.Ad-Hoc|iPhoneSimulator.ActiveCfg = Debug|Any CPU
		{30ABD55F-8BD7-4A10-8FF5-151344138598}.Ad-Hoc|iPhoneSimulator.Build.0 = Debug|Any CPU
		{30ABD55F-8BD7-4A10-8FF5-151344138598}.Ad-Hoc|iPhoneSimulator.Deploy.0 = Debug|Any CPU
		{30ABD55F-8BD7-4A10-8FF5-151344138598}.AppStore|Any CPU.ActiveCfg = Debug|Any CPU
		{30ABD55F-8BD7-4A10-8FF5-151344138598}.AppStore|Any CPU.Build.0 = Debug|Any CPU
		{30ABD55F-8BD7-4A10-8FF5-151344138598}.AppStore|Any CPU.Deploy.0 = Debug|Any CPU
		{30ABD55F-8BD7-4A10-8FF5-151344138598}.AppStore|iPhone.ActiveCfg = Debug|Any CPU
		{30ABD55F-8BD7-4A10-8FF5-151344138598}.AppStore|iPhone.Build.0 = Debug|Any CPU
		{30ABD55F-8BD7-4A10-8FF5-151344138598}.AppStore|iPhone.Deploy.0 = Debug|Any CPU
		{30ABD55F-8BD7-4A10-8FF5-151344138598}.AppStore|iPhoneSimulator.ActiveCfg = Debug|Any CPU
		{30ABD55F-8BD7-4A10-8FF5-151344138598}.AppStore|iPhoneSimulator.Build.0 = Debug|Any CPU
		{30ABD55F-8BD7-4A10-8FF5-151344138598}.AppStore|iPhoneSimulator.Deploy.0 = Debug|Any CPU
		{30ABD55F-8BD7-4A10-8FF5-151344138598}.Debug|Any CPU.ActiveCfg = Debug|Any CPU
		{30ABD55F-8BD7-4A10-8FF5-151344138598}.Debug|Any CPU.Build.0 = Debug|Any CPU
		{30ABD55F-8BD7-4A10-8FF5-151344138598}.Debug|Any CPU.Deploy.0 = Debug|Any CPU
		{30ABD55F-8BD7-4A10-8FF5-151344138598}.Debug|iPhone.ActiveCfg = Debug|Any CPU
		{30ABD55F-8BD7-4A10-8FF5-151344138598}.Debug|iPhone.Build.0 = Debug|Any CPU
		{30ABD55F-8BD7-4A10-8FF5-151344138598}.Debug|iPhone.Deploy.0 = Debug|Any CPU
		{30ABD55F-8BD7-4A10-8FF5-151344138598}.Debug|iPhoneSimulator.ActiveCfg = Debug|Any CPU
		{30ABD55F-8BD7-4A10-8FF5-151344138598}.Debug|iPhoneSimulator.Build.0 = Debug|Any CPU
		{30ABD55F-8BD7-4A10-8FF5-151344138598}.Debug|iPhoneSimulator.Deploy.0 = Debug|Any CPU
		{30ABD55F-8BD7-4A10-8FF5-151344138598}.Release|Any CPU.ActiveCfg = Release|Any CPU
		{30ABD55F-8BD7-4A10-8FF5-151344138598}.Release|Any CPU.Build.0 = Release|Any CPU
		{30ABD55F-8BD7-4A10-8FF5-151344138598}.Release|Any CPU.Deploy.0 = Release|Any CPU
		{30ABD55F-8BD7-4A10-8FF5-151344138598}.Release|iPhone.ActiveCfg = Release|Any CPU
		{30ABD55F-8BD7-4A10-8FF5-151344138598}.Release|iPhone.Build.0 = Release|Any CPU
		{30ABD55F-8BD7-4A10-8FF5-151344138598}.Release|iPhone.Deploy.0 = Release|Any CPU
		{30ABD55F-8BD7-4A10-8FF5-151344138598}.Release|iPhoneSimulator.ActiveCfg = Release|Any CPU
		{30ABD55F-8BD7-4A10-8FF5-151344138598}.Release|iPhoneSimulator.Build.0 = Release|Any CPU
		{30ABD55F-8BD7-4A10-8FF5-151344138598}.Release|iPhoneSimulator.Deploy.0 = Release|Any CPU
	EndGlobalSection
	GlobalSection(SolutionProperties) = preSolution
		HideSolutionNode = FALSE
	EndGlobalSection
	GlobalSection(ExtensibilityGlobals) = postSolution
		SolutionGuid = {53D1AE3F-BBB1-4FA6-97FC-A96E75D00D5F}
	EndGlobalSection
EndGlobal
